# THIS IS AN AUTOGENERATED FILE. DO NOT EDIT THIS FILE DIRECTLY.
# yarn lockfile v1


"@rails/ujs@^7.0.2-4":
  version "7.0.2-4"
  resolved "https://registry.yarnpkg.com/@rails/ujs/-/ujs-7.0.2-4.tgz#199b071e9f07c5a341006c368f7adc764dc0a3d9"
  integrity sha512-P5DGRBx0bP/VDqKCWYHNAQQrRuyQ4QXgFwfMPyboBjKyZiaicotm2CYyTLxYX6vbB4RAd33jUaddeeDq8Q/0CA==
